
Microsoft Visual Studio Solution File, Format Version 12.00
# Visual Studio 15
VisualStudioVersion = 15.0.28307.168
MinimumVisualStudioVersion = 10.0.40219.1
Project("{FAE04EC0-301F-11D3-BF4B-00C04F79EFBC}") = "01_Dictionaries", "01_Dictionaries\01_Dictionaries.csproj", "{2098E987-E6C0-4DAD-93BA-937EC4E62A74}"
EndProject
Project("{FAE04EC0-301F-11D3-BF4B-00C04F79EFBC}") = "01_Dictionary_Tests", "01_Dictionary_Tests\01_Dictionary_Tests.csproj", "{FA47F587-F135-456C-8002-1F11A5F72156}"
EndProject
Global
	GlobalSection(SolutionConfigurationPlatforms) = preSolution
		Debug|Any CPU = Debug|Any CPU
		Release|Any CPU = Release|Any CPU
	EndGlobalSection
	GlobalSection(ProjectConfigurationPlatforms) = postSolution
		{2098E987-E6C0-4DAD-93BA-937EC4E62A74}.Debug|Any CPU.ActiveCfg = Debug|Any CPU
		{2098E987-E6C0-4DAD-93BA-937EC4E62A74}.Debug|Any CPU.Build.0 = Debug|Any CPU
		{2098E987-E6C0-4DAD-93BA-937EC4E62A74}.Release|Any CPU.ActiveCfg = Release|Any CPU
		{2098E987-E6C0-4DAD-93BA-937EC4E62A74}.Release|Any CPU.Build.0 = Release|Any CPU
		{FA47F587-F135-456C-8002-1F11A5F72156}.Debug|Any CPU.ActiveCfg = Debug|Any CPU
		{FA47F587-F135-456C-8002-1F11A5F72156}.Debug|Any CPU.Build.0 = Debug|Any CPU
		{FA47F587-F135-456C-8002-1F11A5F72156}.Release|Any CPU.ActiveCfg = Release|Any CPU
		{FA47F587-F135-456C-8002-1F11A5F72156}.Release|Any CPU.Build.0 = Release|Any CPU
	EndGlobalSection
	GlobalSection(SolutionProperties) = preSolution
		HideSolutionNode = FALSE
	EndGlobalSection
	GlobalSection(ExtensibilityGlobals) = postSolution
		SolutionGuid = {D2789A92-C82D-496C-BB09-627538211B73}
	EndGlobalSection
EndGlobal
