
Microsoft Visual Studio Solution File, Format Version 12.00
# Visual Studio 15
VisualStudioVersion = 15.0.28307.168
MinimumVisualStudioVersion = 10.0.40219.1
Project("{FAE04EC0-301F-11D3-BF4B-00C04F79EFBC}") = "ElevenNote.WebMVC", "ElevenNote.WebMVC\ElevenNote.WebMVC.csproj", "{92D7B0D1-181E-4A44-9399-15283821A6F4}"
EndProject
Project("{FAE04EC0-301F-11D3-BF4B-00C04F79EFBC}") = "ElevenNote.Data", "ElevenNote.Data\ElevenNote.Data.csproj", "{8A7091E0-3D93-4B74-8AAB-446EDAF2DCC9}"
EndProject
Project("{FAE04EC0-301F-11D3-BF4B-00C04F79EFBC}") = "ElevenNote.Models", "ElevenNote.Models\ElevenNote.Models.csproj", "{FFFB1AC0-A9AC-48CB-BD5F-C3D6B0EE3A90}"
EndProject
Project("{FAE04EC0-301F-11D3-BF4B-00C04F79EFBC}") = "ElevenNote.Contracts", "ElevenNote.Contracts\ElevenNote.Contracts.csproj", "{9D996A90-337B-4131-B528-E0C0E7803644}"
EndProject
Project("{FAE04EC0-301F-11D3-BF4B-00C04F79EFBC}") = "ElevenNote.Services", "ElevenNote.Services\ElevenNote.Services.csproj", "{791A56E6-A490-46ED-881D-C0384BB4289B}"
EndProject
Project("{FAE04EC0-301F-11D3-BF4B-00C04F79EFBC}") = "ElevenNote.Tests", "ElevenNote.Tests\ElevenNote.Tests.csproj", "{3278EB08-3BB4-4CE7-95CE-AC5E43183E12}"
EndProject
Global
	GlobalSection(SolutionConfigurationPlatforms) = preSolution
		Debug|Any CPU = Debug|Any CPU
		Release|Any CPU = Release|Any CPU
	EndGlobalSection
	GlobalSection(ProjectConfigurationPlatforms) = postSolution
		{92D7B0D1-181E-4A44-9399-15283821A6F4}.Debug|Any CPU.ActiveCfg = Debug|Any CPU
		{92D7B0D1-181E-4A44-9399-15283821A6F4}.Debug|Any CPU.Build.0 = Debug|Any CPU
		{92D7B0D1-181E-4A44-9399-15283821A6F4}.Release|Any CPU.ActiveCfg = Release|Any CPU
		{92D7B0D1-181E-4A44-9399-15283821A6F4}.Release|Any CPU.Build.0 = Release|Any CPU
		{8A7091E0-3D93-4B74-8AAB-446EDAF2DCC9}.Debug|Any CPU.ActiveCfg = Debug|Any CPU
		{8A7091E0-3D93-4B74-8AAB-446EDAF2DCC9}.Debug|Any CPU.Build.0 = Debug|Any CPU
		{8A7091E0-3D93-4B74-8AAB-446EDAF2DCC9}.Release|Any CPU.ActiveCfg = Release|Any CPU
		{8A7091E0-3D93-4B74-8AAB-446EDAF2DCC9}.Release|Any CPU.Build.0 = Release|Any CPU
		{FFFB1AC0-A9AC-48CB-BD5F-C3D6B0EE3A90}.Debug|Any CPU.ActiveCfg = Debug|Any CPU
		{FFFB1AC0-A9AC-48CB-BD5F-C3D6B0EE3A90}.Debug|Any CPU.Build.0 = Debug|Any CPU
		{FFFB1AC0-A9AC-48CB-BD5F-C3D6B0EE3A90}.Release|Any CPU.ActiveCfg = Release|Any CPU
		{FFFB1AC0-A9AC-48CB-BD5F-C3D6B0EE3A90}.Release|Any CPU.Build.0 = Release|Any CPU
		{9D996A90-337B-4131-B528-E0C0E7803644}.Debug|Any CPU.ActiveCfg = Debug|Any CPU
		{9D996A90-337B-4131-B528-E0C0E7803644}.Debug|Any CPU.Build.0 = Debug|Any CPU
		{9D996A90-337B-4131-B528-E0C0E7803644}.Release|Any CPU.ActiveCfg = Release|Any CPU
		{9D996A90-337B-4131-B528-E0C0E7803644}.Release|Any CPU.Build.0 = Release|Any CPU
		{791A56E6-A490-46ED-881D-C0384BB4289B}.Debug|Any CPU.ActiveCfg = Debug|Any CPU
		{791A56E6-A490-46ED-881D-C0384BB4289B}.Debug|Any CPU.Build.0 = Debug|Any CPU
		{791A56E6-A490-46ED-881D-C0384BB4289B}.Release|Any CPU.ActiveCfg = Release|Any CPU
		{791A56E6-A490-46ED-881D-C0384BB4289B}.Release|Any CPU.Build.0 = Release|Any CPU
		{3278EB08-3BB4-4CE7-95CE-AC5E43183E12}.Debug|Any CPU.ActiveCfg = Debug|Any CPU
		{3278EB08-3BB4-4CE7-95CE-AC5E43183E12}.Debug|Any CPU.Build.0 = Debug|Any CPU
		{3278EB08-3BB4-4CE7-95CE-AC5E43183E12}.Release|Any CPU.ActiveCfg = Release|Any CPU
		{3278EB08-3BB4-4CE7-95CE-AC5E43183E12}.Release|Any CPU.Build.0 = Release|Any CPU
	EndGlobalSection
	GlobalSection(SolutionProperties) = preSolution
		HideSolutionNode = FALSE
	EndGlobalSection
	GlobalSection(ExtensibilityGlobals) = postSolution
		SolutionGuid = {1369458A-712F-4F76-82C1-E167A192CFAC}
	EndGlobalSection
EndGlobal
