
Microsoft Visual Studio Solution File, Format Version 12.00
# Visual Studio 15
VisualStudioVersion = 15.0.28307.168
MinimumVisualStudioVersion = 10.0.40219.1
Project("{FAE04EC0-301F-11D3-BF4B-00C04F79EFBC}") = "HumaneSociety", "HumaneSociety\HumaneSociety.csproj", "{A52184C3-CD9B-41C2-B856-EBE538CEC739}"
EndProject
Global
	GlobalSection(SolutionConfigurationPlatforms) = preSolution
		Debug|Any CPU = Debug|Any CPU
		Release|Any CPU = Release|Any CPU
	EndGlobalSection
	GlobalSection(ProjectConfigurationPlatforms) = postSolution
		{A52184C3-CD9B-41C2-B856-EBE538CEC739}.Debug|Any CPU.ActiveCfg = Debug|Any CPU
		{A52184C3-CD9B-41C2-B856-EBE538CEC739}.Debug|Any CPU.Build.0 = Debug|Any CPU
		{A52184C3-CD9B-41C2-B856-EBE538CEC739}.Release|Any CPU.ActiveCfg = Release|Any CPU
		{A52184C3-CD9B-41C2-B856-EBE538CEC739}.Release|Any CPU.Build.0 = Release|Any CPU
	EndGlobalSection
	GlobalSection(SolutionProperties) = preSolution
		HideSolutionNode = FALSE
	EndGlobalSection
	GlobalSection(ExtensibilityGlobals) = postSolution
		SolutionGuid = {4E839C8C-4A41-441A-B374-EB77C45D43DC}
	EndGlobalSection
EndGlobal
