
Microsoft Visual Studio Solution File, Format Version 12.00
# Visual Studio 15
VisualStudioVersion = 15.0.28307.168
MinimumVisualStudioVersion = 10.0.40219.1
Project("{FAE04EC0-301F-11D3-BF4B-00C04F79EFBC}") = "RestaurantRater", "RestaurantRater\RestaurantRater.csproj", "{309BD8E0-6123-4FE5-9B90-2B307D167D03}"
EndProject
Global
	GlobalSection(SolutionConfigurationPlatforms) = preSolution
		Debug|Any CPU = Debug|Any CPU
		Release|Any CPU = Release|Any CPU
	EndGlobalSection
	GlobalSection(ProjectConfigurationPlatforms) = postSolution
		{309BD8E0-6123-4FE5-9B90-2B307D167D03}.Debug|Any CPU.ActiveCfg = Debug|Any CPU
		{309BD8E0-6123-4FE5-9B90-2B307D167D03}.Debug|Any CPU.Build.0 = Debug|Any CPU
		{309BD8E0-6123-4FE5-9B90-2B307D167D03}.Release|Any CPU.ActiveCfg = Release|Any CPU
		{309BD8E0-6123-4FE5-9B90-2B307D167D03}.Release|Any CPU.Build.0 = Release|Any CPU
	EndGlobalSection
	GlobalSection(SolutionProperties) = preSolution
		HideSolutionNode = FALSE
	EndGlobalSection
	GlobalSection(ExtensibilityGlobals) = postSolution
		SolutionGuid = {6DC33EBA-ED0A-4781-9EC2-3B67AA159D37}
	EndGlobalSection
EndGlobal
